
Microsoft Visual Studio Solution File, Format Version 12.00
# Visual Studio Version 16
VisualStudioVersion = 16.0.31005.135
MinimumVisualStudioVersion = 10.0.40219.1
Project("{9A19103F-16F7-4668-BE54-9A1E7A4F7556}") = "BlazorCrud.Server", "BlazorCrud.Server\BlazorCrud.Server.csproj", "{56892BC3-14D5-4EED-AC0C-02E0E7D5B265}"
EndProject
Project("{9A19103F-16F7-4668-BE54-9A1E7A4F7556}") = "BlazorCrud.Client", "BlazorCrud.Client\BlazorCrud.Client.csproj", "{F3B1B2B6-0640-407F-9F4E-47611F6EB18A}"
EndProject
Project("{9A19103F-16F7-4668-BE54-9A1E7A4F7556}") = "BlazorCrud.Shared", "BlazorCrud.Shared\BlazorCrud.Shared.csproj", "{ED3FAA67-031D-48BE-BD70-A3C8377144FC}"
EndProject
Project("{2150E333-8FDC-42A3-9474-1A3956D46DE8}") = "Solution Items", "Solution Items", "{43AD6478-730F-4AF5-AD8E-05F921FCC076}"
	ProjectSection(SolutionItems) = preProject
		.gitattributes = .gitattributes
		.gitignore = .gitignore
		dockerfile = dockerfile
		LICENSE = LICENSE
		README.md = README.md
	EndProjectSection
EndProject
Project("{9A19103F-16F7-4668-BE54-9A1E7A4F7556}") = "BlazorCrud.Tests.API", "BlazorCrud.Tests.API\BlazorCrud.Tests.API.csproj", "{80B0A5F9-F9A5-43D5-8306-328080F30A18}"
EndProject
Project("{FAE04EC0-301F-11D3-BF4B-00C04F79EFBC}") = "BlazorCrud.Tests.E2E", "BlazorCrud.Tests.E2E\BlazorCrud.Tests.E2E.csproj", "{0F6EE08B-F3CD-4E0A-8761-A62892512626}"
EndProject
Project("{FAE04EC0-301F-11D3-BF4B-00C04F79EFBC}") = "BlazorCrud.AzureSetup", "BlazorCrud.AzureSetup\BlazorCrud.AzureSetup.csproj", "{6B9E8F52-F3CA-4AB5-BE99-E9D638B256B3}"
EndProject
Global
	GlobalSection(SolutionConfigurationPlatforms) = preSolution
		Debug|Any CPU = Debug|Any CPU
		Release|Any CPU = Release|Any CPU
	EndGlobalSection
	GlobalSection(ProjectConfigurationPlatforms) = postSolution
		{56892BC3-14D5-4EED-AC0C-02E0E7D5B265}.Debug|Any CPU.ActiveCfg = Debug|Any CPU
		{56892BC3-14D5-4EED-AC0C-02E0E7D5B265}.Debug|Any CPU.Build.0 = Debug|Any CPU
		{56892BC3-14D5-4EED-AC0C-02E0E7D5B265}.Release|Any CPU.ActiveCfg = Release|Any CPU
		{56892BC3-14D5-4EED-AC0C-02E0E7D5B265}.Release|Any CPU.Build.0 = Release|Any CPU
		{F3B1B2B6-0640-407F-9F4E-47611F6EB18A}.Debug|Any CPU.ActiveCfg = Debug|Any CPU
		{F3B1B2B6-0640-407F-9F4E-47611F6EB18A}.Debug|Any CPU.Build.0 = Debug|Any CPU
		{F3B1B2B6-0640-407F-9F4E-47611F6EB18A}.Release|Any CPU.ActiveCfg = Release|Any CPU
		{F3B1B2B6-0640-407F-9F4E-47611F6EB18A}.Release|Any CPU.Build.0 = Release|Any CPU
		{ED3FAA67-031D-48BE-BD70-A3C8377144FC}.Debug|Any CPU.ActiveCfg = Debug|Any CPU
		{ED3FAA67-031D-48BE-BD70-A3C8377144FC}.Debug|Any CPU.Build.0 = Debug|Any CPU
		{ED3FAA67-031D-48BE-BD70-A3C8377144FC}.Release|Any CPU.ActiveCfg = Release|Any CPU
		{ED3FAA67-031D-48BE-BD70-A3C8377144FC}.Release|Any CPU.Build.0 = Release|Any CPU
		{80B0A5F9-F9A5-43D5-8306-328080F30A18}.Debug|Any CPU.ActiveCfg = Debug|Any CPU
		{80B0A5F9-F9A5-43D5-8306-328080F30A18}.Debug|Any CPU.Build.0 = Debug|Any CPU
		{80B0A5F9-F9A5-43D5-8306-328080F30A18}.Release|Any CPU.ActiveCfg = Release|Any CPU
		{80B0A5F9-F9A5-43D5-8306-328080F30A18}.Release|Any CPU.Build.0 = Release|Any CPU
		{0F6EE08B-F3CD-4E0A-8761-A62892512626}.Debug|Any CPU.ActiveCfg = Debug|Any CPU
		{0F6EE08B-F3CD-4E0A-8761-A62892512626}.Debug|Any CPU.Build.0 = Debug|Any CPU
		{0F6EE08B-F3CD-4E0A-8761-A62892512626}.Release|Any CPU.ActiveCfg = Release|Any CPU
		{0F6EE08B-F3CD-4E0A-8761-A62892512626}.Release|Any CPU.Build.0 = Release|Any CPU
		{6B9E8F52-F3CA-4AB5-BE99-E9D638B256B3}.Debug|Any CPU.ActiveCfg = Debug|Any CPU
		{6B9E8F52-F3CA-4AB5-BE99-E9D638B256B3}.Debug|Any CPU.Build.0 = Debug|Any CPU
		{6B9E8F52-F3CA-4AB5-BE99-E9D638B256B3}.Release|Any CPU.ActiveCfg = Release|Any CPU
		{6B9E8F52-F3CA-4AB5-BE99-E9D638B256B3}.Release|Any CPU.Build.0 = Release|Any CPU
	EndGlobalSection
	GlobalSection(SolutionProperties) = preSolution
		HideSolutionNode = FALSE
	EndGlobalSection
	GlobalSection(ExtensibilityGlobals) = postSolution
		SolutionGuid = {10DBA8F3-EEFF-4E84-BB8E-19E5D6946BDD}
	EndGlobalSection
EndGlobal
